
Microsoft Visual Studio Solution File, Format Version 12.00
# Visual Studio Version 17
VisualStudioVersion = 17.5.002.0
MinimumVisualStudioVersion = 10.0.40219.1
Project("{9A19103F-16F7-4668-BE54-9A1E7A4F7556}") = "referenceTypes", "referenceTypes.csproj", "{3E233C70-FB0E-4E0B-B3FD-5F47175DA3FA}"
EndProject
Global
	GlobalSection(SolutionConfigurationPlatforms) = preSolution
		Debug|Any CPU = Debug|Any CPU
		Release|Any CPU = Release|Any CPU
	EndGlobalSection
	GlobalSection(ProjectConfigurationPlatforms) = postSolution
		{3E233C70-FB0E-4E0B-B3FD-5F47175DA3FA}.Debug|Any CPU.ActiveCfg = Debug|Any CPU
		{3E233C70-FB0E-4E0B-B3FD-5F47175DA3FA}.Debug|Any CPU.Build.0 = Debug|Any CPU
		{3E233C70-FB0E-4E0B-B3FD-5F47175DA3FA}.Release|Any CPU.ActiveCfg = Release|Any CPU
		{3E233C70-FB0E-4E0B-B3FD-5F47175DA3FA}.Release|Any CPU.Build.0 = Release|Any CPU
	EndGlobalSection
	GlobalSection(SolutionProperties) = preSolution
		HideSolutionNode = FALSE
	EndGlobalSection
	GlobalSection(ExtensibilityGlobals) = postSolution
		SolutionGuid = {3569E74A-2E5F-4F0D-B436-F8627A18DB81}
	EndGlobalSection
EndGlobal
